
Microsoft Visual Studio Solution File, Format Version 12.00
# Visual Studio Version 17
VisualStudioVersion = 17.13.35825.156 d17.13
MinimumVisualStudioVersion = 10.0.40219.1
Project("{8BC9CEB8-8B4A-11D0-8D11-00A0C91BC942}") = "Task3", "Task3\Task3.vcxproj", "{2B4B2E44-EE18-4425-832C-53653BDD55DE}"
EndProject
Project("{8BC9CEB8-8B4A-11D0-8D11-00A0C91BC942}") = "decision", "decision\decision.vcxproj", "{25F1F782-42F0-4653-A295-1C1ACF6F6B4D}"
EndProject
Project("{8BC9CEB8-8B4A-11D0-8D11-00A0C91BC942}") = "TestTask3", "TestTask3\TestTask3.vcxproj", "{253F7B9C-E02D-3280-DA9F-19353BCEF5C4}"
EndProject
Global
	GlobalSection(SolutionConfigurationPlatforms) = preSolution
		Debug|x64 = Debug|x64
		Debug|x86 = Debug|x86
		Release|x64 = Release|x64
		Release|x86 = Release|x86
	EndGlobalSection
	GlobalSection(ProjectConfigurationPlatforms) = postSolution
		{2B4B2E44-EE18-4425-832C-53653BDD55DE}.Debug|x64.ActiveCfg = Debug|x64
		{2B4B2E44-EE18-4425-832C-53653BDD55DE}.Debug|x64.Build.0 = Debug|x64
		{2B4B2E44-EE18-4425-832C-53653BDD55DE}.Debug|x86.ActiveCfg = Debug|Win32
		{2B4B2E44-EE18-4425-832C-53653BDD55DE}.Debug|x86.Build.0 = Debug|Win32
		{2B4B2E44-EE18-4425-832C-53653BDD55DE}.Release|x64.ActiveCfg = Release|x64
		{2B4B2E44-EE18-4425-832C-53653BDD55DE}.Release|x64.Build.0 = Release|x64
		{2B4B2E44-EE18-4425-832C-53653BDD55DE}.Release|x86.ActiveCfg = Release|Win32
		{2B4B2E44-EE18-4425-832C-53653BDD55DE}.Release|x86.Build.0 = Release|Win32
		{25F1F782-42F0-4653-A295-1C1ACF6F6B4D}.Debug|x64.ActiveCfg = Debug|x64
		{25F1F782-42F0-4653-A295-1C1ACF6F6B4D}.Debug|x64.Build.0 = Debug|x64
		{25F1F782-42F0-4653-A295-1C1ACF6F6B4D}.Debug|x86.ActiveCfg = Debug|Win32
		{25F1F782-42F0-4653-A295-1C1ACF6F6B4D}.Debug|x86.Build.0 = Debug|Win32
		{25F1F782-42F0-4653-A295-1C1ACF6F6B4D}.Release|x64.ActiveCfg = Release|x64
		{25F1F782-42F0-4653-A295-1C1ACF6F6B4D}.Release|x64.Build.0 = Release|x64
		{25F1F782-42F0-4653-A295-1C1ACF6F6B4D}.Release|x86.ActiveCfg = Release|Win32
		{25F1F782-42F0-4653-A295-1C1ACF6F6B4D}.Release|x86.Build.0 = Release|Win32
		{253F7B9C-E02D-3280-DA9F-19353BCEF5C4}.Debug|x64.ActiveCfg = Debug|x64
		{253F7B9C-E02D-3280-DA9F-19353BCEF5C4}.Debug|x64.Build.0 = Debug|x64
		{253F7B9C-E02D-3280-DA9F-19353BCEF5C4}.Debug|x86.ActiveCfg = Debug|Win32
		{253F7B9C-E02D-3280-DA9F-19353BCEF5C4}.Debug|x86.Build.0 = Debug|Win32
		{253F7B9C-E02D-3280-DA9F-19353BCEF5C4}.Release|x64.ActiveCfg = Release|x64
		{253F7B9C-E02D-3280-DA9F-19353BCEF5C4}.Release|x64.Build.0 = Release|x64
		{253F7B9C-E02D-3280-DA9F-19353BCEF5C4}.Release|x86.ActiveCfg = Release|Win32
		{253F7B9C-E02D-3280-DA9F-19353BCEF5C4}.Release|x86.Build.0 = Release|Win32
	EndGlobalSection
	GlobalSection(SolutionProperties) = preSolution
		HideSolutionNode = FALSE
	EndGlobalSection
	GlobalSection(ExtensibilityGlobals) = postSolution
		SolutionGuid = {C7D7FEE6-0115-41FB-AFFB-123EB8CDB48B}
	EndGlobalSection
EndGlobal
